// !$*UTF8*$!
{
	archiveVersion = 1;
	classes = {
	};
	objectVersion = 56;
	objects = {

/* Begin PBXBuildFile section */
		406665E02AF3618300434E00 /* LocationManager.swift in Sources */ = {isa = PBXBuildFile; fileRef = 406665DF2AF3618300434E00 /* LocationManager.swift */; };
		F25502FF2A95DBC100C687D7 /* AziTeamApp.swift in Sources */ = {isa = PBXBuildFile; fileRef = F25502FE2A95DBC100C687D7 /* AziTeamApp.swift */; };
		F25503012A95DBC100C687D7 /* MainPage.swift in Sources */ = {isa = PBXBuildFile; fileRef = F25503002A95DBC100C687D7 /* MainPage.swift */; };
		F25503032A95DBC200C687D7 /* Assets.xcassets in Resources */ = {isa = PBXBuildFile; fileRef = F25503022A95DBC200C687D7 /* Assets.xcassets */; };
		F25503062A95DBC200C687D7 /* Preview Assets.xcassets in Resources */ = {isa = PBXBuildFile; fileRef = F25503052A95DBC200C687D7 /* Preview Assets.xcassets */; };
		F255030D2A95DFBE00C687D7 /* GoogleService-Info.plist in Resources */ = {isa = PBXBuildFile; fileRef = F255030C2A95DFBE00C687D7 /* GoogleService-Info.plist */; };
		F25503102A95FE8F00C687D7 /* FirebaseAnalytics in Frameworks */ = {isa = PBXBuildFile; productRef = F255030F2A95FE8F00C687D7 /* FirebaseAnalytics */; };
		F25503122A96191100C687D7 /* AzitDetailView.swift in Sources */ = {isa = PBXBuildFile; fileRef = F25503112A96191100C687D7 /* AzitDetailView.swift */; };
		F29574CA2A9E16330023AE3B /* CreateAzitView_modal.swift in Sources */ = {isa = PBXBuildFile; fileRef = F29574C92A9E16330023AE3B /* CreateAzitView_modal.swift */; };
		F29574CC2AA1C7370023AE3B /* TeamCreationView.swift in Sources */ = {isa = PBXBuildFile; fileRef = F29574CB2AA1C7370023AE3B /* TeamCreationView.swift */; };
		F29574D22AB06F860023AE3B /* BottomPopupView.swift in Sources */ = {isa = PBXBuildFile; fileRef = F29574D12AB06F860023AE3B /* BottomPopupView.swift */; };
		F29574D52AB0726A0023AE3B /* NamePopupView.swift in Sources */ = {isa = PBXBuildFile; fileRef = F29574D42AB0726A0023AE3B /* NamePopupView.swift */; };
		F29574D72AB073910023AE3B /* View+CornerRadius.swift in Sources */ = {isa = PBXBuildFile; fileRef = F29574D62AB073910023AE3B /* View+CornerRadius.swift */; };
		F29574D92AB073C60023AE3B /* PopupModifier.swift in Sources */ = {isa = PBXBuildFile; fileRef = F29574D82AB073C60023AE3B /* PopupModifier.swift */; };
		F2A196FA2AF0D81600F8B1AD /* LocationInputView.swift in Sources */ = {isa = PBXBuildFile; fileRef = F2A196F92AF0D81600F8B1AD /* LocationInputView.swift */; };
		F2C4F0562ADE609C00838B29 /* AzitCardView.swift in Sources */ = {isa = PBXBuildFile; fileRef = F2C4F0552ADE609C00838B29 /* AzitCardView.swift */; };
		F2C4F0582ADE6B5400838B29 /* ImagePicker.swift in Sources */ = {isa = PBXBuildFile; fileRef = F2C4F0572ADE6B5400838B29 /* ImagePicker.swift */; };
/* End PBXBuildFile section */

/* Begin PBXFileReference section */
		406665DF2AF3618300434E00 /* LocationManager.swift */ = {isa = PBXFileReference; lastKnownFileType = sourcecode.swift; path = LocationManager.swift; sourceTree = "<group>"; };
		F25502FB2A95DBC100C687D7 /* AziTeam.app */ = {isa = PBXFileReference; explicitFileType = wrapper.application; includeInIndex = 0; path = AziTeam.app; sourceTree = BUILT_PRODUCTS_DIR; };
		F25502FE2A95DBC100C687D7 /* AziTeamApp.swift */ = {isa = PBXFileReference; lastKnownFileType = sourcecode.swift; path = AziTeamApp.swift; sourceTree = "<group>"; };
		F25503002A95DBC100C687D7 /* MainPage.swift */ = {isa = PBXFileReference; lastKnownFileType = sourcecode.swift; path = MainPage.swift; sourceTree = "<group>"; };
		F25503022A95DBC200C687D7 /* Assets.xcassets */ = {isa = PBXFileReference; lastKnownFileType = folder.assetcatalog; path = Assets.xcassets; sourceTree = "<group>"; };
		F25503052A95DBC200C687D7 /* Preview Assets.xcassets */ = {isa = PBXFileReference; lastKnownFileType = folder.assetcatalog; path = "Preview Assets.xcassets"; sourceTree = "<group>"; };
		F255030C2A95DFBE00C687D7 /* GoogleService-Info.plist */ = {isa = PBXFileReference; fileEncoding = 4; lastKnownFileType = text.plist.xml; path = "GoogleService-Info.plist"; sourceTree = "<group>"; };
		F25503112A96191100C687D7 /* AzitDetailView.swift */ = {isa = PBXFileReference; lastKnownFileType = sourcecode.swift; path = AzitDetailView.swift; sourceTree = "<group>"; };
		F29574C92A9E16330023AE3B /* CreateAzitView_modal.swift */ = {isa = PBXFileReference; lastKnownFileType = sourcecode.swift; path = CreateAzitView_modal.swift; sourceTree = "<group>"; };
		F29574CB2AA1C7370023AE3B /* TeamCreationView.swift */ = {isa = PBXFileReference; lastKnownFileType = sourcecode.swift; path = TeamCreationView.swift; sourceTree = "<group>"; };
		F29574D12AB06F860023AE3B /* BottomPopupView.swift */ = {isa = PBXFileReference; lastKnownFileType = sourcecode.swift; path = BottomPopupView.swift; sourceTree = "<group>"; };
		F29574D42AB0726A0023AE3B /* NamePopupView.swift */ = {isa = PBXFileReference; fileEncoding = 4; lastKnownFileType = sourcecode.swift; path = NamePopupView.swift; sourceTree = "<group>"; };
		F29574D62AB073910023AE3B /* View+CornerRadius.swift */ = {isa = PBXFileReference; fileEncoding = 4; lastKnownFileType = sourcecode.swift; path = "View+CornerRadius.swift"; sourceTree = "<group>"; };
		F29574D82AB073C60023AE3B /* PopupModifier.swift */ = {isa = PBXFileReference; fileEncoding = 4; lastKnownFileType = sourcecode.swift; path = PopupModifier.swift; sourceTree = "<group>"; };
		F2A196F92AF0D81600F8B1AD /* LocationInputView.swift */ = {isa = PBXFileReference; lastKnownFileType = sourcecode.swift; path = LocationInputView.swift; sourceTree = "<group>"; };
		F2C4F0552ADE609C00838B29 /* AzitCardView.swift */ = {isa = PBXFileReference; lastKnownFileType = sourcecode.swift; path = AzitCardView.swift; sourceTree = "<group>"; };
		F2C4F0572ADE6B5400838B29 /* ImagePicker.swift */ = {isa = PBXFileReference; lastKnownFileType = sourcecode.swift; path = ImagePicker.swift; sourceTree = "<group>"; };
/* End PBXFileReference section */

/* Begin PBXFrameworksBuildPhase section */
		F25502F82A95DBC100C687D7 /* Frameworks */ = {
			isa = PBXFrameworksBuildPhase;
			buildActionMask = 2147483647;
			files = (
				F25503102A95FE8F00C687D7 /* FirebaseAnalytics in Frameworks */,
			);
			runOnlyForDeploymentPostprocessing = 0;
		};
/* End PBXFrameworksBuildPhase section */

/* Begin PBXGroup section */
		F25502F22A95DBC100C687D7 = {
			isa = PBXGroup;
			children = (
				F255030C2A95DFBE00C687D7 /* GoogleService-Info.plist */,
				F25502FD2A95DBC100C687D7 /* AziTeam */,
				F25502FC2A95DBC100C687D7 /* Products */,
			);
			sourceTree = "<group>";
		};
		F25502FC2A95DBC100C687D7 /* Products */ = {
			isa = PBXGroup;
			children = (
				F25502FB2A95DBC100C687D7 /* AziTeam.app */,
			);
			name = Products;
			sourceTree = "<group>";
		};
		F25502FD2A95DBC100C687D7 /* AziTeam */ = {
			isa = PBXGroup;
			children = (
				F29574D32AB06FC00023AE3B /* BottomPopupManager */,
				F25503042A95DBC200C687D7 /* Preview Content */,
				F25503022A95DBC200C687D7 /* Assets.xcassets */,
				F25502FE2A95DBC100C687D7 /* AziTeamApp.swift */,
				F25503002A95DBC100C687D7 /* MainPage.swift */,
				F2C4F0552ADE609C00838B29 /* AzitCardView.swift */,
				F25503112A96191100C687D7 /* AzitDetailView.swift */,
				F29574C92A9E16330023AE3B /* CreateAzitView_modal.swift */,
				F2C4F0572ADE6B5400838B29 /* ImagePicker.swift */,
				F29574CB2AA1C7370023AE3B /* TeamCreationView.swift */,
				F2A196F92AF0D81600F8B1AD /* LocationInputView.swift */,
				406665DF2AF3618300434E00 /* LocationManager.swift */,
			);
			path = AziTeam;
			sourceTree = "<group>";
		};
		F25503042A95DBC200C687D7 /* Preview Content */ = {
			isa = PBXGroup;
			children = (
				F25503052A95DBC200C687D7 /* Preview Assets.xcassets */,
			);
			path = "Preview Content";
			sourceTree = "<group>";
		};
		F29574D32AB06FC00023AE3B /* BottomPopupManager */ = {
			isa = PBXGroup;
			children = (
				F29574D12AB06F860023AE3B /* BottomPopupView.swift */,
				F29574D42AB0726A0023AE3B /* NamePopupView.swift */,
				F29574D62AB073910023AE3B /* View+CornerRadius.swift */,
				F29574D82AB073C60023AE3B /* PopupModifier.swift */,
			);
			path = BottomPopupManager;
			sourceTree = "<group>";
		};
/* End PBXGroup section */

/* Begin PBXNativeTarget section */
		F25502FA2A95DBC100C687D7 /* AziTeam */ = {
			isa = PBXNativeTarget;
			buildConfigurationList = F25503092A95DBC200C687D7 /* Build configuration list for PBXNativeTarget "AziTeam" */;
			buildPhases = (
				F25502F72A95DBC100C687D7 /* Sources */,
				F25502F82A95DBC100C687D7 /* Frameworks */,
				F25502F92A95DBC100C687D7 /* Resources */,
			);
			buildRules = (
			);
			dependencies = (
			);
			name = AziTeam;
			packageProductDependencies = (
				F255030F2A95FE8F00C687D7 /* FirebaseAnalytics */,
			);
			productName = AziTeam;
			productReference = F25502FB2A95DBC100C687D7 /* AziTeam.app */;
			productType = "com.apple.product-type.application";
		};
/* End PBXNativeTarget section */

/* Begin PBXProject section */
		F25502F32A95DBC100C687D7 /* Project object */ = {
			isa = PBXProject;
			attributes = {
				BuildIndependentTargetsInParallel = 1;
				LastSwiftUpdateCheck = 1430;
				LastUpgradeCheck = 1430;
				TargetAttributes = {
					F25502FA2A95DBC100C687D7 = {
						CreatedOnToolsVersion = 14.3.1;
					};
				};
			};
			buildConfigurationList = F25502F62A95DBC100C687D7 /* Build configuration list for PBXProject "AziTeam" */;
			compatibilityVersion = "Xcode 14.0";
			developmentRegion = en;
			hasScannedForEncodings = 0;
			knownRegions = (
				en,
				Base,
			);
			mainGroup = F25502F22A95DBC100C687D7;
			packageReferences = (
				F255030E2A95FE8F00C687D7 /* XCRemoteSwiftPackageReference "firebase-ios-sdk" */,
			);
			productRefGroup = F25502FC2A95DBC100C687D7 /* Products */;
			projectDirPath = "";
			projectRoot = "";
			targets = (
				F25502FA2A95DBC100C687D7 /* AziTeam */,
			);
		};
/* End PBXProject section */

/* Begin PBXResourcesBuildPhase section */
		F25502F92A95DBC100C687D7 /* Resources */ = {
			isa = PBXResourcesBuildPhase;
			buildActionMask = 2147483647;
			files = (
				F25503062A95DBC200C687D7 /* Preview Assets.xcassets in Resources */,
				F25503032A95DBC200C687D7 /* Assets.xcassets in Resources */,
				F255030D2A95DFBE00C687D7 /* GoogleService-Info.plist in Resources */,
			);
			runOnlyForDeploymentPostprocessing = 0;
		};
/* End PBXResourcesBuildPhase section */

/* Begin PBXSourcesBuildPhase section */
		F25502F72A95DBC100C687D7 /* Sources */ = {
			isa = PBXSourcesBuildPhase;
			buildActionMask = 2147483647;
			files = (
				F2C4F0562ADE609C00838B29 /* AzitCardView.swift in Sources */,
				F29574D92AB073C60023AE3B /* PopupModifier.swift in Sources */,
				F29574CC2AA1C7370023AE3B /* TeamCreationView.swift in Sources */,
				F25503122A96191100C687D7 /* AzitDetailView.swift in Sources */,
				F25503012A95DBC100C687D7 /* MainPage.swift in Sources */,
				F29574D22AB06F860023AE3B /* BottomPopupView.swift in Sources */,
				F2A196FA2AF0D81600F8B1AD /* LocationInputView.swift in Sources */,
				F29574CA2A9E16330023AE3B /* CreateAzitView_modal.swift in Sources */,
				F2C4F0582ADE6B5400838B29 /* ImagePicker.swift in Sources */,
				F25502FF2A95DBC100C687D7 /* AziTeamApp.swift in Sources */,
				F29574D72AB073910023AE3B /* View+CornerRadius.swift in Sources */,
				F29574D52AB0726A0023AE3B /* NamePopupView.swift in Sources */,
				406665E02AF3618300434E00 /* LocationManager.swift in Sources */,
			);
			runOnlyForDeploymentPostprocessing = 0;
		};
/* End PBXSourcesBuildPhase section */

/* Begin XCBuildConfiguration section */
		F25503072A95DBC200C687D7 /* Debug */ = {
			isa = XCBuildConfiguration;
			buildSettings = {
				ALWAYS_SEARCH_USER_PATHS = NO;
				CLANG_ANALYZER_NONNULL = YES;
				CLANG_ANALYZER_NUMBER_OBJECT_CONVERSION = YES_AGGRESSIVE;
				CLANG_CXX_LANGUAGE_STANDARD = "gnu++20";
				CLANG_ENABLE_MODULES = YES;
				CLANG_ENABLE_OBJC_ARC = YES;
				CLANG_ENABLE_OBJC_WEAK = YES;
				CLANG_WARN_BLOCK_CAPTURE_AUTORELEASING = YES;
				CLANG_WARN_BOOL_CONVERSION = YES;
				CLANG_WARN_COMMA = YES;
				CLANG_WARN_CONSTANT_CONVERSION = YES;
				CLANG_WARN_DEPRECATED_OBJC_IMPLEMENTATIONS = YES;
				CLANG_WARN_DIRECT_OBJC_ISA_USAGE = YES_ERROR;
				CLANG_WARN_DOCUMENTATION_COMMENTS = YES;
				CLANG_WARN_EMPTY_BODY = YES;
				CLANG_WARN_ENUM_CONVERSION = YES;
				CLANG_WARN_INFINITE_RECURSION = YES;
				CLANG_WARN_INT_CONVERSION = YES;
				CLANG_WARN_NON_LITERAL_NULL_CONVERSION = YES;
				CLANG_WARN_OBJC_IMPLICIT_RETAIN_SELF = YES;
				CLANG_WARN_OBJC_LITERAL_CONVERSION = YES;
				CLANG_WARN_OBJC_ROOT_CLASS = YES_ERROR;
				CLANG_WARN_QUOTED_INCLUDE_IN_FRAMEWORK_HEADER = YES;
				CLANG_WARN_RANGE_LOOP_ANALYSIS = YES;
				CLANG_WARN_STRICT_PROTOTYPES = YES;
				CLANG_WARN_SUSPICIOUS_MOVE = YES;
				CLANG_WARN_UNGUARDED_AVAILABILITY = YES_AGGRESSIVE;
				CLANG_WARN_UNREACHABLE_CODE = YES;
				CLANG_WARN__DUPLICATE_METHOD_MATCH = YES;
				COPY_PHASE_STRIP = NO;
				DEBUG_INFORMATION_FORMAT = dwarf;
				ENABLE_STRICT_OBJC_MSGSEND = YES;
				ENABLE_TESTABILITY = YES;
				GCC_C_LANGUAGE_STANDARD = gnu11;
				GCC_DYNAMIC_NO_PIC = NO;
				GCC_NO_COMMON_BLOCKS = YES;
				GCC_OPTIMIZATION_LEVEL = 0;
				GCC_PREPROCESSOR_DEFINITIONS = (
					"DEBUG=1",
					"$(inherited)",
				);
				GCC_WARN_64_TO_32_BIT_CONVERSION = YES;
				GCC_WARN_ABOUT_RETURN_TYPE = YES_ERROR;
				GCC_WARN_UNDECLARED_SELECTOR = YES;
				GCC_WARN_UNINITIALIZED_AUTOS = YES_AGGRESSIVE;
				GCC_WARN_UNUSED_FUNCTION = YES;
				GCC_WARN_UNUSED_VARIABLE = YES;
				INFOPLIST_FILE = "";
				IPHONEOS_DEPLOYMENT_TARGET = 16.4;
				MTL_ENABLE_DEBUG_INFO = INCLUDE_SOURCE;
				MTL_FAST_MATH = YES;
				ONLY_ACTIVE_ARCH = YES;
				SDKROOT = iphoneos;
				SWIFT_ACTIVE_COMPILATION_CONDITIONS = DEBUG;
				SWIFT_OPTIMIZATION_LEVEL = "-Onone";
			};
			name = Debug;
		};
		F25503082A95DBC200C687D7 /* Release */ = {
			isa = XCBuildConfiguration;
			buildSettings = {
				ALWAYS_SEARCH_USER_PATHS = NO;
				CLANG_ANALYZER_NONNULL = YES;
				CLANG_ANALYZER_NUMBER_OBJECT_CONVERSION = YES_AGGRESSIVE;
				CLANG_CXX_LANGUAGE_STANDARD = "gnu++20";
				CLANG_ENABLE_MODULES = YES;
				CLANG_ENABLE_OBJC_ARC = YES;
				CLANG_ENABLE_OBJC_WEAK = YES;
				CLANG_WARN_BLOCK_CAPTURE_AUTORELEASING = YES;
				CLANG_WARN_BOOL_CONVERSION = YES;
				CLANG_WARN_COMMA = YES;
				CLANG_WARN_CONSTANT_CONVERSION = YES;
				CLANG_WARN_DEPRECATED_OBJC_IMPLEMENTATIONS = YES;
				CLANG_WARN_DIRECT_OBJC_ISA_USAGE = YES_ERROR;
				CLANG_WARN_DOCUMENTATION_COMMENTS = YES;
				CLANG_WARN_EMPTY_BODY = YES;
				CLANG_WARN_ENUM_CONVERSION = YES;
				CLANG_WARN_INFINITE_RECURSION = YES;
				CLANG_WARN_INT_CONVERSION = YES;
				CLANG_WARN_NON_LITERAL_NULL_CONVERSION = YES;
				CLANG_WARN_OBJC_IMPLICIT_RETAIN_SELF = YES;
				CLANG_WARN_OBJC_LITERAL_CONVERSION = YES;
				CLANG_WARN_OBJC_ROOT_CLASS = YES_ERROR;
				CLANG_WARN_QUOTED_INCLUDE_IN_FRAMEWORK_HEADER = YES;
				CLANG_WARN_RANGE_LOOP_ANALYSIS = YES;
				CLANG_WARN_STRICT_PROTOTYPES = YES;
				CLANG_WARN_SUSPICIOUS_MOVE = YES;
				CLANG_WARN_UNGUARDED_AVAILABILITY = YES_AGGRESSIVE;
				CLANG_WARN_UNREACHABLE_CODE = YES;
				CLANG_WARN__DUPLICATE_METHOD_MATCH = YES;
				COPY_PHASE_STRIP = NO;
				DEBUG_INFORMATION_FORMAT = "dwarf-with-dsym";
				ENABLE_NS_ASSERTIONS = NO;
				ENABLE_STRICT_OBJC_MSGSEND = YES;
				GCC_C_LANGUAGE_STANDARD = gnu11;
				GCC_NO_COMMON_BLOCKS = YES;
				GCC_WARN_64_TO_32_BIT_CONVERSION = YES;
				GCC_WARN_ABOUT_RETURN_TYPE = YES_ERROR;
				GCC_WARN_UNDECLARED_SELECTOR = YES;
				GCC_WARN_UNINITIALIZED_AUTOS = YES_AGGRESSIVE;
				GCC_WARN_UNUSED_FUNCTION = YES;
				GCC_WARN_UNUSED_VARIABLE = YES;
				INFOPLIST_FILE = "";
				IPHONEOS_DEPLOYMENT_TARGET = 16.4;
				MTL_ENABLE_DEBUG_INFO = NO;
				MTL_FAST_MATH = YES;
				SDKROOT = iphoneos;
				SWIFT_COMPILATION_MODE = wholemodule;
				SWIFT_OPTIMIZATION_LEVEL = "-O";
				VALIDATE_PRODUCT = YES;
			};
			name = Release;
		};
		F255030A2A95DBC200C687D7 /* Debug */ = {
			isa = XCBuildConfiguration;
			buildSettings = {
				ASSETCATALOG_COMPILER_APPICON_NAME = AppIcon;
				ASSETCATALOG_COMPILER_GLOBAL_ACCENT_COLOR_NAME = AccentColor;
				CODE_SIGN_STYLE = Automatic;
				CURRENT_PROJECT_VERSION = 1;
				DEVELOPMENT_ASSET_PATHS = "\"AziTeam/Preview Content\"";
				DEVELOPMENT_TEAM = R4HWH7EV39;
				ENABLE_PREVIEWS = YES;
				GENERATE_INFOPLIST_FILE = YES;
				INFOPLIST_FILE = "$(SRCROOT)/GoogleService-Info.plist";
				INFOPLIST_KEY_UIApplicationSceneManifest_Generation = YES;
				INFOPLIST_KEY_UIApplicationSupportsIndirectInputEvents = YES;
				INFOPLIST_KEY_UILaunchScreen_Generation = YES;
				INFOPLIST_KEY_UISupportedInterfaceOrientations_iPad = "UIInterfaceOrientationPortrait UIInterfaceOrientationPortraitUpsideDown UIInterfaceOrientationLandscapeLeft UIInterfaceOrientationLandscapeRight";
				INFOPLIST_KEY_UISupportedInterfaceOrientations_iPhone = "UIInterfaceOrientationPortrait UIInterfaceOrientationLandscapeLeft UIInterfaceOrientationLandscapeRight";
				LD_RUNPATH_SEARCH_PATHS = (
					"$(inherited)",
					"@executable_path/Frameworks",
				);
				MARKETING_VERSION = 1.0;
				PRODUCT_BUNDLE_IDENTIFIER = gil.AziTeam;
				PRODUCT_NAME = "$(TARGET_NAME)";
				SWIFT_EMIT_LOC_STRINGS = YES;
				SWIFT_VERSION = 5.0;
				TARGETED_DEVICE_FAMILY = "1,2";
			};
			name = Debug;
		};
		F255030B2A95DBC200C687D7 /* Release */ = {
			isa = XCBuildConfiguration;
			buildSettings = {
				ASSETCATALOG_COMPILER_APPICON_NAME = AppIcon;
				ASSETCATALOG_COMPILER_GLOBAL_ACCENT_COLOR_NAME = AccentColor;
				CODE_SIGN_STYLE = Automatic;
				CURRENT_PROJECT_VERSION = 1;
				DEVELOPMENT_ASSET_PATHS = "\"AziTeam/Preview Content\"";
				DEVELOPMENT_TEAM = R4HWH7EV39;
				ENABLE_PREVIEWS = YES;
				GENERATE_INFOPLIST_FILE = YES;
				INFOPLIST_FILE = "$(SRCROOT)/GoogleService-Info.plist";
				INFOPLIST_KEY_UIApplicationSceneManifest_Generation = YES;
				INFOPLIST_KEY_UIApplicationSupportsIndirectInputEvents = YES;
				INFOPLIST_KEY_UILaunchScreen_Generation = YES;
				INFOPLIST_KEY_UISupportedInterfaceOrientations_iPad = "UIInterfaceOrientationPortrait UIInterfaceOrientationPortraitUpsideDown UIInterfaceOrientationLandscapeLeft UIInterfaceOrientationLandscapeRight";
				INFOPLIST_KEY_UISupportedInterfaceOrientations_iPhone = "UIInterfaceOrientationPortrait UIInterfaceOrientationLandscapeLeft UIInterfaceOrientationLandscapeRight";
				LD_RUNPATH_SEARCH_PATHS = (
					"$(inherited)",
					"@executable_path/Frameworks",
				);
				MARKETING_VERSION = 1.0;
				PRODUCT_BUNDLE_IDENTIFIER = gil.AziTeam;
				PRODUCT_NAME = "$(TARGET_NAME)";
				SWIFT_EMIT_LOC_STRINGS = YES;
				SWIFT_VERSION = 5.0;
				TARGETED_DEVICE_FAMILY = "1,2";
			};
			name = Release;
		};
/* End XCBuildConfiguration section */

/* Begin XCConfigurationList section */
		F25502F62A95DBC100C687D7 /* Build configuration list for PBXProject "AziTeam" */ = {
			isa = XCConfigurationList;
			buildConfigurations = (
				F25503072A95DBC200C687D7 /* Debug */,
				F25503082A95DBC200C687D7 /* Release */,
			);
			defaultConfigurationIsVisible = 0;
			defaultConfigurationName = Release;
		};
		F25503092A95DBC200C687D7 /* Build configuration list for PBXNativeTarget "AziTeam" */ = {
			isa = XCConfigurationList;
			buildConfigurations = (
				F255030A2A95DBC200C687D7 /* Debug */,
				F255030B2A95DBC200C687D7 /* Release */,
			);
			defaultConfigurationIsVisible = 0;
			defaultConfigurationName = Release;
		};
/* End XCConfigurationList section */

/* Begin XCRemoteSwiftPackageReference section */
		F255030E2A95FE8F00C687D7 /* XCRemoteSwiftPackageReference "firebase-ios-sdk" */ = {
			isa = XCRemoteSwiftPackageReference;
			repositoryURL = "https://github.com/firebase/firebase-ios-sdk";
			requirement = {
				kind = upToNextMajorVersion;
				minimumVersion = 10.0.0;
			};
		};
/* End XCRemoteSwiftPackageReference section */

/* Begin XCSwiftPackageProductDependency section */
		F255030F2A95FE8F00C687D7 /* FirebaseAnalytics */ = {
			isa = XCSwiftPackageProductDependency;
			package = F255030E2A95FE8F00C687D7 /* XCRemoteSwiftPackageReference "firebase-ios-sdk" */;
			productName = FirebaseAnalytics;
		};
/* End XCSwiftPackageProductDependency section */
	};
	rootObject = F25502F32A95DBC100C687D7 /* Project object */;
}
